// !$*UTF8*$!
{
	archiveVersion = 1;
	classes = {
	};
	objectVersion = 46;
	objects = {

/* Begin PBXBuildFile section */
		172584101C5165A1001EE5B1 /* AppDelegate.swift in Sources */ = {isa = PBXBuildFile; fileRef = 1725840F1C5165A1001EE5B1 /* AppDelegate.swift */; };
		172584121C5165A1001EE5B1 /* ViewController.swift in Sources */ = {isa = PBXBuildFile; fileRef = 172584111C5165A1001EE5B1 /* ViewController.swift */; };
		172584151C5165A1001EE5B1 /* Main.storyboard in Resources */ = {isa = PBXBuildFile; fileRef = 172584131C5165A1001EE5B1 /* Main.storyboard */; };
		172584171C5165A1001EE5B1 /* Assets.xcassets in Resources */ = {isa = PBXBuildFile; fileRef = 172584161C5165A1001EE5B1 /* Assets.xcassets */; };
		1725841A1C5165A1001EE5B1 /* LaunchScreen.storyboard in Resources */ = {isa = PBXBuildFile; fileRef = 172584181C5165A1001EE5B1 /* LaunchScreen.storyboard */; };
		172584221C5169D3001EE5B1 /* pokemon.csv in Resources */ = {isa = PBXBuildFile; fileRef = 172584211C5169D3001EE5B1 /* pokemon.csv */; };
		172584261C516B32001EE5B1 /* pokemon.swift in Sources */ = {isa = PBXBuildFile; fileRef = 172584251C516B32001EE5B1 /* pokemon.swift */; };
		1725842A1C5173D5001EE5B1 /* pokeCellCollectionViewCell.swift in Sources */ = {isa = PBXBuildFile; fileRef = 172584291C5173D5001EE5B1 /* pokeCellCollectionViewCell.swift */; };
		1725842C1C517BE7001EE5B1 /* csv.swift in Sources */ = {isa = PBXBuildFile; fileRef = 1725842B1C517BE7001EE5B1 /* csv.swift */; };
		172584321C51817A001EE5B1 /* pokemon.ttf in Resources */ = {isa = PBXBuildFile; fileRef = 172584311C51817A001EE5B1 /* pokemon.ttf */; };
		172584341C5185C5001EE5B1 /* music.mp3 in Resources */ = {isa = PBXBuildFile; fileRef = 172584331C5185C5001EE5B1 /* music.mp3 */; };
		172584361C518F99001EE5B1 /* PokemonDetailVC.swift in Sources */ = {isa = PBXBuildFile; fileRef = 172584351C518F99001EE5B1 /* PokemonDetailVC.swift */; };
/* End PBXBuildFile section */

/* Begin PBXFileReference section */
		1725840C1C5165A1001EE5B1 /* pokedex.app */ = {isa = PBXFileReference; explicitFileType = wrapper.application; includeInIndex = 0; path = pokedex.app; sourceTree = BUILT_PRODUCTS_DIR; };
		1725840F1C5165A1001EE5B1 /* AppDelegate.swift */ = {isa = PBXFileReference; lastKnownFileType = sourcecode.swift; path = AppDelegate.swift; sourceTree = "<group>"; };
		172584111C5165A1001EE5B1 /* ViewController.swift */ = {isa = PBXFileReference; lastKnownFileType = sourcecode.swift; path = ViewController.swift; sourceTree = "<group>"; };
		172584141C5165A1001EE5B1 /* Base */ = {isa = PBXFileReference; lastKnownFileType = file.storyboard; name = Base; path = Base.lproj/Main.storyboard; sourceTree = "<group>"; };
		172584161C5165A1001EE5B1 /* Assets.xcassets */ = {isa = PBXFileReference; lastKnownFileType = folder.assetcatalog; path = Assets.xcassets; sourceTree = "<group>"; };
		172584191C5165A1001EE5B1 /* Base */ = {isa = PBXFileReference; lastKnownFileType = file.storyboard; name = Base; path = Base.lproj/LaunchScreen.storyboard; sourceTree = "<group>"; };
		1725841B1C5165A1001EE5B1 /* Info.plist */ = {isa = PBXFileReference; lastKnownFileType = text.plist.xml; path = Info.plist; sourceTree = "<group>"; };
		172584211C5169D3001EE5B1 /* pokemon.csv */ = {isa = PBXFileReference; fileEncoding = 4; lastKnownFileType = text; path = pokemon.csv; sourceTree = "<group>"; };
		172584251C516B32001EE5B1 /* pokemon.swift */ = {isa = PBXFileReference; fileEncoding = 4; lastKnownFileType = sourcecode.swift; path = pokemon.swift; sourceTree = "<group>"; };
		172584291C5173D5001EE5B1 /* pokeCellCollectionViewCell.swift */ = {isa = PBXFileReference; fileEncoding = 4; lastKnownFileType = sourcecode.swift; path = pokeCellCollectionViewCell.swift; sourceTree = "<group>"; };
		1725842B1C517BE7001EE5B1 /* csv.swift */ = {isa = PBXFileReference; fileEncoding = 4; lastKnownFileType = sourcecode.swift; path = csv.swift; sourceTree = "<group>"; };
		172584311C51817A001EE5B1 /* pokemon.ttf */ = {isa = PBXFileReference; lastKnownFileType = file; path = pokemon.ttf; sourceTree = "<group>"; };
		172584331C5185C5001EE5B1 /* music.mp3 */ = {isa = PBXFileReference; lastKnownFileType = audio.mp3; path = music.mp3; sourceTree = "<group>"; };
		172584351C518F99001EE5B1 /* PokemonDetailVC.swift */ = {isa = PBXFileReference; fileEncoding = 4; lastKnownFileType = sourcecode.swift; path = PokemonDetailVC.swift; sourceTree = "<group>"; };
/* End PBXFileReference section */

/* Begin PBXFrameworksBuildPhase section */
		172584091C5165A1001EE5B1 /* Frameworks */ = {
			isa = PBXFrameworksBuildPhase;
			buildActionMask = 2147483647;
			files = (
			);
			runOnlyForDeploymentPostprocessing = 0;
		};
/* End PBXFrameworksBuildPhase section */

/* Begin PBXGroup section */
		172584031C5165A1001EE5B1 = {
			isa = PBXGroup;
			children = (
				1725840E1C5165A1001EE5B1 /* pokedex */,
				1725840D1C5165A1001EE5B1 /* Products */,
			);
			sourceTree = "<group>";
		};
		1725840D1C5165A1001EE5B1 /* Products */ = {
			isa = PBXGroup;
			children = (
				1725840C1C5165A1001EE5B1 /* pokedex.app */,
			);
			name = Products;
			sourceTree = "<group>";
		};
		1725840E1C5165A1001EE5B1 /* pokedex */ = {
			isa = PBXGroup;
			children = (
				1725842F1C517C1D001EE5B1 /* Resources */,
				1725842E1C517C10001EE5B1 /* Controller */,
				1725842D1C517C01001EE5B1 /* Util */,
				172584231C516B1B001EE5B1 /* Model */,
				172584241C516B22001EE5B1 /* View */,
				1725840F1C5165A1001EE5B1 /* AppDelegate.swift */,
				172584131C5165A1001EE5B1 /* Main.storyboard */,
				172584161C5165A1001EE5B1 /* Assets.xcassets */,
				172584181C5165A1001EE5B1 /* LaunchScreen.storyboard */,
				1725841B1C5165A1001EE5B1 /* Info.plist */,
			);
			path = pokedex;
			sourceTree = "<group>";
		};
		172584231C516B1B001EE5B1 /* Model */ = {
			isa = PBXGroup;
			children = (
				172584251C516B32001EE5B1 /* pokemon.swift */,
			);
			name = Model;
			sourceTree = "<group>";
		};
		172584241C516B22001EE5B1 /* View */ = {
			isa = PBXGroup;
			children = (
				172584291C5173D5001EE5B1 /* pokeCellCollectionViewCell.swift */,
			);
			name = View;
			sourceTree = "<group>";
		};
		1725842D1C517C01001EE5B1 /* Util */ = {
			isa = PBXGroup;
			children = (
				1725842B1C517BE7001EE5B1 /* csv.swift */,
			);
			name = Util;
			sourceTree = "<group>";
		};
		1725842E1C517C10001EE5B1 /* Controller */ = {
			isa = PBXGroup;
			children = (
				172584111C5165A1001EE5B1 /* ViewController.swift */,
				172584351C518F99001EE5B1 /* PokemonDetailVC.swift */,
			);
			name = Controller;
			sourceTree = "<group>";
		};
		1725842F1C517C1D001EE5B1 /* Resources */ = {
			isa = PBXGroup;
			children = (
				172584311C51817A001EE5B1 /* pokemon.ttf */,
				172584331C5185C5001EE5B1 /* music.mp3 */,
				172584211C5169D3001EE5B1 /* pokemon.csv */,
			);
			name = Resources;
			sourceTree = "<group>";
		};
/* End PBXGroup section */

/* Begin PBXNativeTarget section */
		1725840B1C5165A1001EE5B1 /* pokedex */ = {
			isa = PBXNativeTarget;
			buildConfigurationList = 1725841E1C5165A1001EE5B1 /* Build configuration list for PBXNativeTarget "pokedex" */;
			buildPhases = (
				172584081C5165A1001EE5B1 /* Sources */,
				172584091C5165A1001EE5B1 /* Frameworks */,
				1725840A1C5165A1001EE5B1 /* Resources */,
			);
			buildRules = (
			);
			dependencies = (
			);
			name = pokedex;
			productName = pokedex;
			productReference = 1725840C1C5165A1001EE5B1 /* pokedex.app */;
			productType = "com.apple.product-type.application";
		};
/* End PBXNativeTarget section */

/* Begin PBXProject section */
		172584041C5165A1001EE5B1 /* Project object */ = {
			isa = PBXProject;
			attributes = {
				LastSwiftUpdateCheck = 0720;
				LastUpgradeCheck = 0720;
				ORGANIZATIONNAME = "shengxiang guo";
				TargetAttributes = {
					1725840B1C5165A1001EE5B1 = {
						CreatedOnToolsVersion = 7.2;
						DevelopmentTeam = DU9G3P44M7;
					};
				};
			};
			buildConfigurationList = 172584071C5165A1001EE5B1 /* Build configuration list for PBXProject "pokedex" */;
			compatibilityVersion = "Xcode 3.2";
			developmentRegion = English;
			hasScannedForEncodings = 0;
			knownRegions = (
				en,
				Base,
			);
			mainGroup = 172584031C5165A1001EE5B1;
			productRefGroup = 1725840D1C5165A1001EE5B1 /* Products */;
			projectDirPath = "";
			projectRoot = "";
			targets = (
				1725840B1C5165A1001EE5B1 /* pokedex */,
			);
		};
/* End PBXProject section */

/* Begin PBXResourcesBuildPhase section */
		1725840A1C5165A1001EE5B1 /* Resources */ = {
			isa = PBXResourcesBuildPhase;
			buildActionMask = 2147483647;
			files = (
				172584321C51817A001EE5B1 /* pokemon.ttf in Resources */,
				1725841A1C5165A1001EE5B1 /* LaunchScreen.storyboard in Resources */,
				172584341C5185C5001EE5B1 /* music.mp3 in Resources */,
				172584171C5165A1001EE5B1 /* Assets.xcassets in Resources */,
				172584221C5169D3001EE5B1 /* pokemon.csv in Resources */,
				172584151C5165A1001EE5B1 /* Main.storyboard in Resources */,
			);
			runOnlyForDeploymentPostprocessing = 0;
		};
/* End PBXResourcesBuildPhase section */

/* Begin PBXSourcesBuildPhase section */
		172584081C5165A1001EE5B1 /* Sources */ = {
			isa = PBXSourcesBuildPhase;
			buildActionMask = 2147483647;
			files = (
				172584261C516B32001EE5B1 /* pokemon.swift in Sources */,
				172584121C5165A1001EE5B1 /* ViewController.swift in Sources */,
				1725842A1C5173D5001EE5B1 /* pokeCellCollectionViewCell.swift in Sources */,
				172584361C518F99001EE5B1 /* PokemonDetailVC.swift in Sources */,
				172584101C5165A1001EE5B1 /* AppDelegate.swift in Sources */,
				1725842C1C517BE7001EE5B1 /* csv.swift in Sources */,
			);
			runOnlyForDeploymentPostprocessing = 0;
		};
/* End PBXSourcesBuildPhase section */

/* Begin PBXVariantGroup section */
		172584131C5165A1001EE5B1 /* Main.storyboard */ = {
			isa = PBXVariantGroup;
			children = (
				172584141C5165A1001EE5B1 /* Base */,
			);
			name = Main.storyboard;
			sourceTree = "<group>";
		};
		172584181C5165A1001EE5B1 /* LaunchScreen.storyboard */ = {
			isa = PBXVariantGroup;
			children = (
				172584191C5165A1001EE5B1 /* Base */,
			);
			name = LaunchScreen.storyboard;
			sourceTree = "<group>";
		};
/* End PBXVariantGroup section */

/* Begin XCBuildConfiguration section */
		1725841C1C5165A1001EE5B1 /* Debug */ = {
			isa = XCBuildConfiguration;
			buildSettings = {
				ALWAYS_SEARCH_USER_PATHS = NO;
				CLANG_CXX_LANGUAGE_STANDARD = "gnu++0x";
				CLANG_CXX_LIBRARY = "libc++";
				CLANG_ENABLE_MODULES = YES;
				CLANG_ENABLE_OBJC_ARC = YES;
				CLANG_WARN_BOOL_CONVERSION = YES;
				CLANG_WARN_CONSTANT_CONVERSION = YES;
				CLANG_WARN_DIRECT_OBJC_ISA_USAGE = YES_ERROR;
				CLANG_WARN_EMPTY_BODY = YES;
				CLANG_WARN_ENUM_CONVERSION = YES;
				CLANG_WARN_INT_CONVERSION = YES;
				CLANG_WARN_OBJC_ROOT_CLASS = YES_ERROR;
				CLANG_WARN_UNREACHABLE_CODE = YES;
				CLANG_WARN__DUPLICATE_METHOD_MATCH = YES;
				"CODE_SIGN_IDENTITY[sdk=iphoneos*]" = "iPhone Developer";
				COPY_PHASE_STRIP = NO;
				DEBUG_INFORMATION_FORMAT = dwarf;
				ENABLE_STRICT_OBJC_MSGSEND = YES;
				ENABLE_TESTABILITY = YES;
				GCC_C_LANGUAGE_STANDARD = gnu99;
				GCC_DYNAMIC_NO_PIC = NO;
				GCC_NO_COMMON_BLOCKS = YES;
				GCC_OPTIMIZATION_LEVEL = 0;
				GCC_PREPROCESSOR_DEFINITIONS = (
					"DEBUG=1",
					"$(inherited)",
				);
				GCC_WARN_64_TO_32_BIT_CONVERSION = YES;
				GCC_WARN_ABOUT_RETURN_TYPE = YES_ERROR;
				GCC_WARN_UNDECLARED_SELECTOR = YES;
				GCC_WARN_UNINITIALIZED_AUTOS = YES_AGGRESSIVE;
				GCC_WARN_UNUSED_FUNCTION = YES;
				GCC_WARN_UNUSED_VARIABLE = YES;
				IPHONEOS_DEPLOYMENT_TARGET = 9.2;
				MTL_ENABLE_DEBUG_INFO = YES;
				ONLY_ACTIVE_ARCH = YES;
				SDKROOT = iphoneos;
				SWIFT_OPTIMIZATION_LEVEL = "-Onone";
				TARGETED_DEVICE_FAMILY = "1,2";
			};
			name = Debug;
		};
		1725841D1C5165A1001EE5B1 /* Release */ = {
			isa = XCBuildConfiguration;
			buildSettings = {
				ALWAYS_SEARCH_USER_PATHS = NO;
				CLANG_CXX_LANGUAGE_STANDARD = "gnu++0x";
				CLANG_CXX_LIBRARY = "libc++";
				CLANG_ENABLE_MODULES = YES;
				CLANG_ENABLE_OBJC_ARC = YES;
				CLANG_WARN_BOOL_CONVERSION = YES;
				CLANG_WARN_CONSTANT_CONVERSION = YES;
				CLANG_WARN_DIRECT_OBJC_ISA_USAGE = YES_ERROR;
				CLANG_WARN_EMPTY_BODY = YES;
				CLANG_WARN_ENUM_CONVERSION = YES;
				CLANG_WARN_INT_CONVERSION = YES;
				CLANG_WARN_OBJC_ROOT_CLASS = YES_ERROR;
				CLANG_WARN_UNREACHABLE_CODE = YES;
				CLANG_WARN__DUPLICATE_METHOD_MATCH = YES;
				"CODE_SIGN_IDENTITY[sdk=iphoneos*]" = "iPhone Developer";
				COPY_PHASE_STRIP = NO;
				DEBUG_INFORMATION_FORMAT = "dwarf-with-dsym";
				ENABLE_NS_ASSERTIONS = NO;
				ENABLE_STRICT_OBJC_MSGSEND = YES;
				GCC_C_LANGUAGE_STANDARD = gnu99;
				GCC_NO_COMMON_BLOCKS = YES;
				GCC_WARN_64_TO_32_BIT_CONVERSION = YES;
				GCC_WARN_ABOUT_RETURN_TYPE = YES_ERROR;
				GCC_WARN_UNDECLARED_SELECTOR = YES;
				GCC_WARN_UNINITIALIZED_AUTOS = YES_AGGRESSIVE;
				GCC_WARN_UNUSED_FUNCTION = YES;
				GCC_WARN_UNUSED_VARIABLE = YES;
				IPHONEOS_DEPLOYMENT_TARGET = 9.2;
				MTL_ENABLE_DEBUG_INFO = NO;
				SDKROOT = iphoneos;
				TARGETED_DEVICE_FAMILY = "1,2";
				VALIDATE_PRODUCT = YES;
			};
			name = Release;
		};
		1725841F1C5165A1001EE5B1 /* Debug */ = {
			isa = XCBuildConfiguration;
			buildSettings = {
				ASSETCATALOG_COMPILER_APPICON_NAME = AppIcon;
				INFOPLIST_FILE = pokedex/Info.plist;
				LD_RUNPATH_SEARCH_PATHS = "$(inherited) @executable_path/Frameworks";
				PRODUCT_BUNDLE_IDENTIFIER = com.shengxiang.pokedex;
				PRODUCT_NAME = "$(TARGET_NAME)";
			};
			name = Debug;
		};
		172584201C5165A1001EE5B1 /* Release */ = {
			isa = XCBuildConfiguration;
			buildSettings = {
				ASSETCATALOG_COMPILER_APPICON_NAME = AppIcon;
				INFOPLIST_FILE = pokedex/Info.plist;
				LD_RUNPATH_SEARCH_PATHS = "$(inherited) @executable_path/Frameworks";
				PRODUCT_BUNDLE_IDENTIFIER = com.shengxiang.pokedex;
				PRODUCT_NAME = "$(TARGET_NAME)";
			};
			name = Release;
		};
/* End XCBuildConfiguration section */

/* Begin XCConfigurationList section */
		172584071C5165A1001EE5B1 /* Build configuration list for PBXProject "pokedex" */ = {
			isa = XCConfigurationList;
			buildConfigurations = (
				1725841C1C5165A1001EE5B1 /* Debug */,
				1725841D1C5165A1001EE5B1 /* Release */,
			);
			defaultConfigurationIsVisible = 0;
			defaultConfigurationName = Release;
		};
		1725841E1C5165A1001EE5B1 /* Build configuration list for PBXNativeTarget "pokedex" */ = {
			isa = XCConfigurationList;
			buildConfigurations = (
				1725841F1C5165A1001EE5B1 /* Debug */,
				172584201C5165A1001EE5B1 /* Release */,
			);
			defaultConfigurationIsVisible = 0;
		};
/* End XCConfigurationList section */
	};
	rootObject = 172584041C5165A1001EE5B1 /* Project object */;
}
